
Microsoft Visual Studio Solution File, Format Version 12.00
# Visual Studio Version 17
VisualStudioVersion = 17.11.35327.3
MinimumVisualStudioVersion = 10.0.40219.1
Project("{FAE04EC0-301F-11D3-BF4B-00C04F79EFBC}") = "FitCheck", "FitCheck\FitCheck.csproj", "{83441515-6408-466B-A09B-ED2EB8AE8F81}"
EndProject
Global
	GlobalSection(SolutionConfigurationPlatforms) = preSolution
		Debug|Any CPU = Debug|Any CPU
		Release|Any CPU = Release|Any CPU
	EndGlobalSection
	GlobalSection(ProjectConfigurationPlatforms) = postSolution
		{83441515-6408-466B-A09B-ED2EB8AE8F81}.Debug|Any CPU.ActiveCfg = Debug|Any CPU
		{83441515-6408-466B-A09B-ED2EB8AE8F81}.Debug|Any CPU.Build.0 = Debug|Any CPU
		{83441515-6408-466B-A09B-ED2EB8AE8F81}.Release|Any CPU.ActiveCfg = Release|Any CPU
		{83441515-6408-466B-A09B-ED2EB8AE8F81}.Release|Any CPU.Build.0 = Release|Any CPU
	EndGlobalSection
	GlobalSection(SolutionProperties) = preSolution
		HideSolutionNode = FALSE
	EndGlobalSection
	GlobalSection(ExtensibilityGlobals) = postSolution
		SolutionGuid = {459408FE-C3D6-415F-9F19-160D5FFBAE2E}
	EndGlobalSection
EndGlobal
